Microsoft Visual Studio Solution File, Format Version 12.00
# Visual Studio 14
VisualStudioVersion = 14.0.25123.0
MinimumVisualStudioVersion = 10.0.40219.1
Project("{F2A71F9B-5D33-465A-A702-920D77279786}") = "EDNeutronBooster", "EDNeutronBooster\EDNeutronBooster.fsproj", "{67C44BBF-744C-407B-A9C1-39B019D59792}"
EndProject
Project("{2150E333-8FDC-42A3-9474-1A3956D46DE8}") = "Solution Items", "Solution Items", "{6013B6C6-E7D4-4617-B43F-C7DF678EE30E}"
	ProjectSection(SolutionItems) = preProject
		build.fsx = build.fsx
		paket.dependencies = paket.dependencies
	EndProjectSection
EndProject
Global
	GlobalSection(SolutionConfigurationPlatforms) = preSolution
		Debug|Any CPU = Debug|Any CPU
		Release|Any CPU = Release|Any CPU
	EndGlobalSection
	GlobalSection(ProjectConfigurationPlatforms) = postSolution
		{67C44BBF-744C-407B-A9C1-39B019D59792}.Debug|Any CPU.ActiveCfg = Debug|Any CPU
		{67C44BBF-744C-407B-A9C1-39B019D59792}.Debug|Any CPU.Build.0 = Debug|Any CPU
		{67C44BBF-744C-407B-A9C1-39B019D59792}.Release|Any CPU.ActiveCfg = Release|Any CPU
		{67C44BBF-744C-407B-A9C1-39B019D59792}.Release|Any CPU.Build.0 = Release|Any CPU
	EndGlobalSection
	GlobalSection(SolutionProperties) = preSolution
		HideSolutionNode = FALSE
	EndGlobalSection
EndGlobal
